
Microsoft Visual Studio Solution File, Format Version 12.00
# Visual Studio 15
Project("{FAE04EC0-301F-11D3-BF4B-00C04F79EFBC}") = "Assembly-CSharp-firstpass", "Assembly-CSharp-firstpass.csproj", "{9B8EEA8C-3B46-BA16-CE15-F8E820F28D90}"
EndProject
Project("{FAE04EC0-301F-11D3-BF4B-00C04F79EFBC}") = "Assembly-CSharp", "Assembly-CSharp.csproj", "{58ECAE8D-64C1-0574-8B85-CA4D30AFED70}"
EndProject
Project("{FAE04EC0-301F-11D3-BF4B-00C04F79EFBC}") = "Assembly-CSharp-Editor-firstpass", "Assembly-CSharp-Editor-firstpass.csproj", "{6EC4B97B-8622-509B-82B0-31486E83B631}"
EndProject
Global
	GlobalSection(SolutionConfigurationPlatforms) = preSolution
		Debug|Any CPU = Debug|Any CPU
		Release|Any CPU = Release|Any CPU
	EndGlobalSection
	GlobalSection(ProjectConfigurationPlatforms) = postSolution
		{9B8EEA8C-3B46-BA16-CE15-F8E820F28D90}.Debug|Any CPU.ActiveCfg = Debug|Any CPU
		{9B8EEA8C-3B46-BA16-CE15-F8E820F28D90}.Debug|Any CPU.Build.0 = Debug|Any CPU
		{9B8EEA8C-3B46-BA16-CE15-F8E820F28D90}.Release|Any CPU.ActiveCfg = Release|Any CPU
		{9B8EEA8C-3B46-BA16-CE15-F8E820F28D90}.Release|Any CPU.Build.0 = Release|Any CPU
		{58ECAE8D-64C1-0574-8B85-CA4D30AFED70}.Debug|Any CPU.ActiveCfg = Debug|Any CPU
		{58ECAE8D-64C1-0574-8B85-CA4D30AFED70}.Debug|Any CPU.Build.0 = Debug|Any CPU
		{58ECAE8D-64C1-0574-8B85-CA4D30AFED70}.Release|Any CPU.ActiveCfg = Release|Any CPU
		{58ECAE8D-64C1-0574-8B85-CA4D30AFED70}.Release|Any CPU.Build.0 = Release|Any CPU
		{6EC4B97B-8622-509B-82B0-31486E83B631}.Debug|Any CPU.ActiveCfg = Debug|Any CPU
		{6EC4B97B-8622-509B-82B0-31486E83B631}.Debug|Any CPU.Build.0 = Debug|Any CPU
		{6EC4B97B-8622-509B-82B0-31486E83B631}.Release|Any CPU.ActiveCfg = Release|Any CPU
		{6EC4B97B-8622-509B-82B0-31486E83B631}.Release|Any CPU.Build.0 = Release|Any CPU
	EndGlobalSection
	GlobalSection(SolutionProperties) = preSolution
		HideSolutionNode = FALSE
	EndGlobalSection
EndGlobal
